PODS:
  - audioplayers_darwin (0.0.1):
    - Flutter
    - FlutterMacOS
  - Flutter (1.0.0)
  - icloud_storage (0.0.1):
    - Flutter
  - sensors_plus (0.0.1):
    - Flutter
  - url_launcher_ios (0.0.1):
    - Flutter
  - volume_key_board (0.0.1):
    - Flutter

DEPENDENCIES:
  - audioplayers_darwin (from `.symlinks/plugins/audioplayers_darwin/darwin`)
  - Flutter (from `Flutter`)
  - icloud_storage (from `.symlinks/plugins/icloud_storage/ios`)
  - sensors_plus (from `.symlinks/plugins/sensors_plus/ios`)
  - url_launcher_ios (from `.symlinks/plugins/url_launcher_ios/ios`)
  - volume_key_board (from `.symlinks/plugins/volume_key_board/ios`)

EXTERNAL SOURCES:
  audioplayers_darwin:
    :path: ".symlinks/plugins/audioplayers_darwin/darwin"
  Flutter:
    :path: Flutter
  icloud_storage:
    :path: ".symlinks/plugins/icloud_storage/ios"
  sensors_plus:
    :path: ".symlinks/plugins/sensors_plus/ios"
  url_launcher_ios:
    :path: ".symlinks/plugins/url_launcher_ios/ios"
  volume_key_board:
    :path: ".symlinks/plugins/volume_key_board/ios"

SPEC CHECKSUMS:
  audioplayers_darwin: 835ced6edd4c9fc8ebb0a7cc9e294a91d99917d5
  Flutter: cabc95a1d2626b1b06e7179b784ebcf0c0cde467
  icloud_storage: e55639f0c0d7cb2b0ba9c0b3d5968ccca9cd9aa2
  sensors_plus: 6a11ed0c2e1d0bd0b20b4029d3bad27d96e0c65b
  url_launcher_ios: 7a95fa5b60cc718a708b8f2966718e93db0cef1b
  volume_key_board: c239533af2ebd81e8534f921f8bc16f46dbed140

PODFILE CHECKSUM: 2d2ea8e352272b3e18601b99ce7197b4482764c0

COCOAPODS: 1.16.2
